
Microsoft Visual Studio Solution File, Format Version 12.00
# Visual Studio Version 17
VisualStudioVersion = 17.14.37710.0 d17.14
MinimumVisualStudioVersion = 10.0.40219.1
Project("{FAE04EC0-301F-11D3-BF4B-00C04F79EFBC}") = "WindowsFormsExample2", "WindowsFormsExample2\WindowsFormsExample2.csproj", "{FDF0A02F-2421-4569-B1DC-5AA9FD734DFE}"
EndProject
Global
	GlobalSection(SolutionConfigurationPlatforms) = preSolution
		Debug|Any CPU = Debug|Any CPU
		Release|Any CPU = Release|Any CPU
	EndGlobalSection
	GlobalSection(ProjectConfigurationPlatforms) = postSolution
		{FDF0A02F-2421-4569-B1DC-5AA9FD734DFE}.Debug|Any CPU.ActiveCfg = Debug|Any CPU
		{FDF0A02F-2421-4569-B1DC-5AA9FD734DFE}.Debug|Any CPU.Build.0 = Debug|Any CPU
		{FDF0A02F-2421-4569-B1DC-5AA9FD734DFE}.Release|Any CPU.ActiveCfg = Release|Any CPU
		{FDF0A02F-2421-4569-B1DC-5AA9FD734DFE}.Release|Any CPU.Build.0 = Release|Any CPU
	EndGlobalSection
	GlobalSection(SolutionProperties) = preSolution
		HideSolutionNode = FALSE
	EndGlobalSection
	GlobalSection(ExtensibilityGlobals) = postSolution
		SolutionGuid = {2DEF5AA1-E138-4C5F-B807-3978A8A30328}
	EndGlobalSection
EndGlobal
